
Microsoft Visual Studio Solution File, Format Version 12.00
# Visual Studio 15
VisualStudioVersion = 15.0.27703.2018
MinimumVisualStudioVersion = 10.0.40219.1
Project("{9A19103F-16F7-4668-BE54-9A1E7A4F7556}") = "SharpAttack.Functions", "SharpAttack.Functions\SharpAttack.Functions.csproj", "{ABF1DFDD-0509-40EF-9725-3466C5BA9AE6}"
EndProject
Global
	GlobalSection(SolutionConfigurationPlatforms) = preSolution
		Debug|Any CPU = Debug|Any CPU
		Release|Any CPU = Release|Any CPU
	EndGlobalSection
	GlobalSection(ProjectConfigurationPlatforms) = postSolution
		{ABF1DFDD-0509-40EF-9725-3466C5BA9AE6}.Debug|Any CPU.ActiveCfg = Debug|Any CPU
		{ABF1DFDD-0509-40EF-9725-3466C5BA9AE6}.Debug|Any CPU.Build.0 = Debug|Any CPU
		{ABF1DFDD-0509-40EF-9725-3466C5BA9AE6}.Release|Any CPU.ActiveCfg = Release|Any CPU
		{ABF1DFDD-0509-40EF-9725-3466C5BA9AE6}.Release|Any CPU.Build.0 = Release|Any CPU
	EndGlobalSection
	GlobalSection(SolutionProperties) = preSolution
		HideSolutionNode = FALSE
	EndGlobalSection
	GlobalSection(ExtensibilityGlobals) = postSolution
		SolutionGuid = {D9C6CF20-3897-4288-A321-E59C0F6DAAA7}
	EndGlobalSection
EndGlobal
